
Microsoft Visual Studio Solution File, Format Version 12.00
# Visual Studio Version 17
VisualStudioVersion = 17.1.32421.90
MinimumVisualStudioVersion = 10.0.40219.1
Project("{8BC9CEB8-8B4A-11D0-8D11-00A0C91BC942}") = "2048 game", "2048 game\2048 game.vcxproj", "{FF927144-5D1C-4635-9827-EDCCACAC1759}"
EndProject
Global
	GlobalSection(SolutionConfigurationPlatforms) = preSolution
		Debug|x64 = Debug|x64
		Debug|x86 = Debug|x86
		Release|x64 = Release|x64
		Release|x86 = Release|x86
	EndGlobalSection
	GlobalSection(ProjectConfigurationPlatforms) = postSolution
		{FF927144-5D1C-4635-9827-EDCCACAC1759}.Debug|x64.ActiveCfg = Debug|x64
		{FF927144-5D1C-4635-9827-EDCCACAC1759}.Debug|x64.Build.0 = Debug|x64
		{FF927144-5D1C-4635-9827-EDCCACAC1759}.Debug|x86.ActiveCfg = Debug|Win32
		{FF927144-5D1C-4635-9827-EDCCACAC1759}.Debug|x86.Build.0 = Debug|Win32
		{FF927144-5D1C-4635-9827-EDCCACAC1759}.Release|x64.ActiveCfg = Release|x64
		{FF927144-5D1C-4635-9827-EDCCACAC1759}.Release|x64.Build.0 = Release|x64
		{FF927144-5D1C-4635-9827-EDCCACAC1759}.Release|x86.ActiveCfg = Release|Win32
		{FF927144-5D1C-4635-9827-EDCCACAC1759}.Release|x86.Build.0 = Release|Win32
	EndGlobalSection
	GlobalSection(SolutionProperties) = preSolution
		HideSolutionNode = FALSE
	EndGlobalSection
	GlobalSection(ExtensibilityGlobals) = postSolution
		SolutionGuid = {631597E4-3C00-4F41-86BA-9A3D57781C99}
	EndGlobalSection
EndGlobal
